// !$*UTF8*$!
{
	archiveVersion = 1;
	classes = {
	};
	objectVersion = 46;
	objects = {

/* Begin PBXBuildFile section */
		A9E421F01CE0D3F9005B76A4 /* Shirokoma.h in Headers */ = {isa = PBXBuildFile; fileRef = A9E421EF1CE0D3F9005B76A4 /* Shirokoma.h */; settings = {ATTRIBUTES = (Public, ); }; };
		A9E421F81CE0D43C005B76A4 /* Shirokoma.swift in Sources */ = {isa = PBXBuildFile; fileRef = A9E421F71CE0D43C005B76A4 /* Shirokoma.swift */; };
		A9E422001CE0D600005B76A4 /* AppDelegate.swift in Sources */ = {isa = PBXBuildFile; fileRef = A9E421FF1CE0D600005B76A4 /* AppDelegate.swift */; };
		A9E422021CE0D600005B76A4 /* ViewController.swift in Sources */ = {isa = PBXBuildFile; fileRef = A9E422011CE0D600005B76A4 /* ViewController.swift */; };
		A9E422051CE0D600005B76A4 /* Main.storyboard in Resources */ = {isa = PBXBuildFile; fileRef = A9E422031CE0D600005B76A4 /* Main.storyboard */; };
		A9E422071CE0D600005B76A4 /* Assets.xcassets in Resources */ = {isa = PBXBuildFile; fileRef = A9E422061CE0D600005B76A4 /* Assets.xcassets */; };
		A9E4220A1CE0D600005B76A4 /* LaunchScreen.storyboard in Resources */ = {isa = PBXBuildFile; fileRef = A9E422081CE0D600005B76A4 /* LaunchScreen.storyboard */; };
		A9E4220F1CE0D667005B76A4 /* Shirokoma.framework in Frameworks */ = {isa = PBXBuildFile; fileRef = A9E421EC1CE0D3F9005B76A4 /* Shirokoma.framework */; };
		A9E422101CE0D667005B76A4 /* Shirokoma.framework in Embed Frameworks */ = {isa = PBXBuildFile; fileRef = A9E421EC1CE0D3F9005B76A4 /* Shirokoma.framework */; settings = {ATTRIBUTES = (CodeSignOnCopy, RemoveHeadersOnCopy, ); }; };
		A9E422151CE0E0FE005B76A4 /* abtest-conditions.plist in Resources */ = {isa = PBXBuildFile; fileRef = A9E422141CE0E0FE005B76A4 /* abtest-conditions.plist */; };
/* End PBXBuildFile section */

/* Begin PBXContainerItemProxy section */
		A9E422111CE0D667005B76A4 /* PBXContainerItemProxy */ = {
			isa = PBXContainerItemProxy;
			containerPortal = A9E421E31CE0D3F9005B76A4 /* Project object */;
			proxyType = 1;
			remoteGlobalIDString = A9E421EB1CE0D3F9005B76A4;
			remoteInfo = Shirokoma;
		};
/* End PBXContainerItemProxy section */

/* Begin PBXCopyFilesBuildPhase section */
		A9E422131CE0D667005B76A4 /* Embed Frameworks */ = {
			isa = PBXCopyFilesBuildPhase;
			buildActionMask = 2147483647;
			dstPath = "";
			dstSubfolderSpec = 10;
			files = (
				A9E422101CE0D667005B76A4 /* Shirokoma.framework in Embed Frameworks */,
			);
			name = "Embed Frameworks";
			runOnlyForDeploymentPostprocessing = 0;
		};
/* End PBXCopyFilesBuildPhase section */

/* Begin PBXFileReference section */
		A9E421EC1CE0D3F9005B76A4 /* Shirokoma.framework */ = {isa = PBXFileReference; explicitFileType = wrapper.framework; includeInIndex = 0; path = Shirokoma.framework; sourceTree = BUILT_PRODUCTS_DIR; };
		A9E421EF1CE0D3F9005B76A4 /* Shirokoma.h */ = {isa = PBXFileReference; lastKnownFileType = sourcecode.c.h; path = Shirokoma.h; sourceTree = "<group>"; };
		A9E421F11CE0D3F9005B76A4 /* Info.plist */ = {isa = PBXFileReference; lastKnownFileType = text.plist.xml; path = Info.plist; sourceTree = "<group>"; };
		A9E421F71CE0D43C005B76A4 /* Shirokoma.swift */ = {isa = PBXFileReference; fileEncoding = 4; lastKnownFileType = sourcecode.swift; path = Shirokoma.swift; sourceTree = "<group>"; };
		A9E421FD1CE0D600005B76A4 /* Demo.app */ = {isa = PBXFileReference; explicitFileType = wrapper.application; includeInIndex = 0; path = Demo.app; sourceTree = BUILT_PRODUCTS_DIR; };
		A9E421FF1CE0D600005B76A4 /* AppDelegate.swift */ = {isa = PBXFileReference; lastKnownFileType = sourcecode.swift; path = AppDelegate.swift; sourceTree = "<group>"; };
		A9E422011CE0D600005B76A4 /* ViewController.swift */ = {isa = PBXFileReference; lastKnownFileType = sourcecode.swift; path = ViewController.swift; sourceTree = "<group>"; };
		A9E422041CE0D600005B76A4 /* Base */ = {isa = PBXFileReference; lastKnownFileType = file.storyboard; name = Base; path = Base.lproj/Main.storyboard; sourceTree = "<group>"; };
		A9E422061CE0D600005B76A4 /* Assets.xcassets */ = {isa = PBXFileReference; lastKnownFileType = folder.assetcatalog; path = Assets.xcassets; sourceTree = "<group>"; };
		A9E422091CE0D600005B76A4 /* Base */ = {isa = PBXFileReference; lastKnownFileType = file.storyboard; name = Base; path = Base.lproj/LaunchScreen.storyboard; sourceTree = "<group>"; };
		A9E4220B1CE0D600005B76A4 /* Info.plist */ = {isa = PBXFileReference; lastKnownFileType = text.plist.xml; path = Info.plist; sourceTree = "<group>"; };
		A9E422141CE0E0FE005B76A4 /* abtest-conditions.plist */ = {isa = PBXFileReference; fileEncoding = 4; lastKnownFileType = text.plist.xml; path = "abtest-conditions.plist"; sourceTree = "<group>"; };
/* End PBXFileReference section */

/* Begin PBXFrameworksBuildPhase section */
		A9E421E81CE0D3F9005B76A4 /* Frameworks */ = {
			isa = PBXFrameworksBuildPhase;
			buildActionMask = 2147483647;
			files = (
			);
			runOnlyForDeploymentPostprocessing = 0;
		};
		A9E421FA1CE0D600005B76A4 /* Frameworks */ = {
			isa = PBXFrameworksBuildPhase;
			buildActionMask = 2147483647;
			files = (
				A9E4220F1CE0D667005B76A4 /* Shirokoma.framework in Frameworks */,
			);
			runOnlyForDeploymentPostprocessing = 0;
		};
/* End PBXFrameworksBuildPhase section */

/* Begin PBXGroup section */
		A9E421E21CE0D3F9005B76A4 = {
			isa = PBXGroup;
			children = (
				A9E421EE1CE0D3F9005B76A4 /* Shirokoma */,
				A9E421FE1CE0D600005B76A4 /* Demo */,
				A9E421ED1CE0D3F9005B76A4 /* Products */,
			);
			sourceTree = "<group>";
		};
		A9E421ED1CE0D3F9005B76A4 /* Products */ = {
			isa = PBXGroup;
			children = (
				A9E421EC1CE0D3F9005B76A4 /* Shirokoma.framework */,
				A9E421FD1CE0D600005B76A4 /* Demo.app */,
			);
			name = Products;
			sourceTree = "<group>";
		};
		A9E421EE1CE0D3F9005B76A4 /* Shirokoma */ = {
			isa = PBXGroup;
			children = (
				A9E421EF1CE0D3F9005B76A4 /* Shirokoma.h */,
				A9E421F11CE0D3F9005B76A4 /* Info.plist */,
				A9E421F71CE0D43C005B76A4 /* Shirokoma.swift */,
			);
			path = Shirokoma;
			sourceTree = "<group>";
		};
		A9E421FE1CE0D600005B76A4 /* Demo */ = {
			isa = PBXGroup;
			children = (
				A9E421FF1CE0D600005B76A4 /* AppDelegate.swift */,
				A9E422011CE0D600005B76A4 /* ViewController.swift */,
				A9E422031CE0D600005B76A4 /* Main.storyboard */,
				A9E422061CE0D600005B76A4 /* Assets.xcassets */,
				A9E422081CE0D600005B76A4 /* LaunchScreen.storyboard */,
				A9E4220B1CE0D600005B76A4 /* Info.plist */,
				A9E422141CE0E0FE005B76A4 /* abtest-conditions.plist */,
			);
			path = Demo;
			sourceTree = "<group>";
		};
/* End PBXGroup section */

/* Begin PBXHeadersBuildPhase section */
		A9E421E91CE0D3F9005B76A4 /* Headers */ = {
			isa = PBXHeadersBuildPhase;
			buildActionMask = 2147483647;
			files = (
				A9E421F01CE0D3F9005B76A4 /* Shirokoma.h in Headers */,
			);
			runOnlyForDeploymentPostprocessing = 0;
		};
/* End PBXHeadersBuildPhase section */

/* Begin PBXNativeTarget section */
		A9E421EB1CE0D3F9005B76A4 /* Shirokoma */ = {
			isa = PBXNativeTarget;
			buildConfigurationList = A9E421F41CE0D3F9005B76A4 /* Build configuration list for PBXNativeTarget "Shirokoma" */;
			buildPhases = (
				A9E421E71CE0D3F9005B76A4 /* Sources */,
				A9E421E81CE0D3F9005B76A4 /* Frameworks */,
				A9E421E91CE0D3F9005B76A4 /* Headers */,
				A9E421EA1CE0D3F9005B76A4 /* Resources */,
			);
			buildRules = (
			);
			dependencies = (
			);
			name = Shirokoma;
			productName = Shirokoma;
			productReference = A9E421EC1CE0D3F9005B76A4 /* Shirokoma.framework */;
			productType = "com.apple.product-type.framework";
		};
		A9E421FC1CE0D600005B76A4 /* Demo */ = {
			isa = PBXNativeTarget;
			buildConfigurationList = A9E4220C1CE0D600005B76A4 /* Build configuration list for PBXNativeTarget "Demo" */;
			buildPhases = (
				A9E421F91CE0D600005B76A4 /* Sources */,
				A9E421FA1CE0D600005B76A4 /* Frameworks */,
				A9E421FB1CE0D600005B76A4 /* Resources */,
				A9E422131CE0D667005B76A4 /* Embed Frameworks */,
			);
			buildRules = (
			);
			dependencies = (
				A9E422121CE0D667005B76A4 /* PBXTargetDependency */,
			);
			name = Demo;
			productName = Demo;
			productReference = A9E421FD1CE0D600005B76A4 /* Demo.app */;
			productType = "com.apple.product-type.application";
		};
/* End PBXNativeTarget section */

/* Begin PBXProject section */
		A9E421E31CE0D3F9005B76A4 /* Project object */ = {
			isa = PBXProject;
			attributes = {
				LastSwiftUpdateCheck = 0730;
				LastUpgradeCheck = 0930;
				ORGANIZATIONNAME = "kazunori kikuchi";
				TargetAttributes = {
					A9E421EB1CE0D3F9005B76A4 = {
						CreatedOnToolsVersion = 7.3.1;
					};
					A9E421FC1CE0D600005B76A4 = {
						CreatedOnToolsVersion = 7.3.1;
					};
				};
			};
			buildConfigurationList = A9E421E61CE0D3F9005B76A4 /* Build configuration list for PBXProject "Shirokoma" */;
			compatibilityVersion = "Xcode 3.2";
			developmentRegion = English;
			hasScannedForEncodings = 0;
			knownRegions = (
				en,
				Base,
			);
			mainGroup = A9E421E21CE0D3F9005B76A4;
			productRefGroup = A9E421ED1CE0D3F9005B76A4 /* Products */;
			projectDirPath = "";
			projectRoot = "";
			targets = (
				A9E421EB1CE0D3F9005B76A4 /* Shirokoma */,
				A9E421FC1CE0D600005B76A4 /* Demo */,
			);
		};
/* End PBXProject section */

/* Begin PBXResourcesBuildPhase section */
		A9E421EA1CE0D3F9005B76A4 /* Resources */ = {
			isa = PBXResourcesBuildPhase;
			buildActionMask = 2147483647;
			files = (
			);
			runOnlyForDeploymentPostprocessing = 0;
		};
		A9E421FB1CE0D600005B76A4 /* Resources */ = {
			isa = PBXResourcesBuildPhase;
			buildActionMask = 2147483647;
			files = (
				A9E4220A1CE0D600005B76A4 /* LaunchScreen.storyboard in Resources */,
				A9E422071CE0D600005B76A4 /* Assets.xcassets in Resources */,
				A9E422051CE0D600005B76A4 /* Main.storyboard in Resources */,
				A9E422151CE0E0FE005B76A4 /* abtest-conditions.plist in Resources */,
			);
			runOnlyForDeploymentPostprocessing = 0;
		};
/* End PBXResourcesBuildPhase section */

/* Begin PBXSourcesBuildPhase section */
		A9E421E71CE0D3F9005B76A4 /* Sources */ = {
			isa = PBXSourcesBuildPhase;
			buildActionMask = 2147483647;
			files = (
				A9E421F81CE0D43C005B76A4 /* Shirokoma.swift in Sources */,
			);
			runOnlyForDeploymentPostprocessing = 0;
		};
		A9E421F91CE0D600005B76A4 /* Sources */ = {
			isa = PBXSourcesBuildPhase;
			buildActionMask = 2147483647;
			files = (
				A9E422021CE0D600005B76A4 /* ViewController.swift in Sources */,
				A9E422001CE0D600005B76A4 /* AppDelegate.swift in Sources */,
			);
			runOnlyForDeploymentPostprocessing = 0;
		};
/* End PBXSourcesBuildPhase section */

/* Begin PBXTargetDependency section */
		A9E422121CE0D667005B76A4 /* PBXTargetDependency */ = {
			isa = PBXTargetDependency;
			target = A9E421EB1CE0D3F9005B76A4 /* Shirokoma */;
			targetProxy = A9E422111CE0D667005B76A4 /* PBXContainerItemProxy */;
		};
/* End PBXTargetDependency section */

/* Begin PBXVariantGroup section */
		A9E422031CE0D600005B76A4 /* Main.storyboard */ = {
			isa = PBXVariantGroup;
			children = (
				A9E422041CE0D600005B76A4 /* Base */,
			);
			name = Main.storyboard;
			sourceTree = "<group>";
		};
		A9E422081CE0D600005B76A4 /* LaunchScreen.storyboard */ = {
			isa = PBXVariantGroup;
			children = (
				A9E422091CE0D600005B76A4 /* Base */,
			);
			name = LaunchScreen.storyboard;
			sourceTree = "<group>";
		};
/* End PBXVariantGroup section */

/* Begin XCBuildConfiguration section */
		A9E421F21CE0D3F9005B76A4 /* Debug */ = {
			isa = XCBuildConfiguration;
			buildSettings = {
				ALWAYS_SEARCH_USER_PATHS = NO;
				CLANG_ANALYZER_NONNULL = YES;
				CLANG_CXX_LANGUAGE_STANDARD = "gnu++0x";
				CLANG_CXX_LIBRARY = "libc++";
				CLANG_ENABLE_MODULES = YES;
				CLANG_ENABLE_OBJC_ARC = YES;
				CLANG_WARN_BLOCK_CAPTURE_AUTORELEASING = YES;
				CLANG_WARN_BOOL_CONVERSION = YES;
				CLANG_WARN_COMMA = YES;
				CLANG_WARN_CONSTANT_CONVERSION = YES;
				CLANG_WARN_DEPRECATED_OBJC_IMPLEMENTATIONS = YES;
				CLANG_WARN_DIRECT_OBJC_ISA_USAGE = YES_ERROR;
				CLANG_WARN_EMPTY_BODY = YES;
				CLANG_WARN_ENUM_CONVERSION = YES;
				CLANG_WARN_INFINITE_RECURSION = YES;
				CLANG_WARN_INT_CONVERSION = YES;
				CLANG_WARN_NON_LITERAL_NULL_CONVERSION = YES;
				CLANG_WARN_OBJC_IMPLICIT_RETAIN_SELF = YES;
				CLANG_WARN_OBJC_LITERAL_CONVERSION = YES;
				CLANG_WARN_OBJC_ROOT_CLASS = YES_ERROR;
				CLANG_WARN_RANGE_LOOP_ANALYSIS = YES;
				CLANG_WARN_STRICT_PROTOTYPES = YES;
				CLANG_WARN_SUSPICIOUS_MOVE = YES;
				CLANG_WARN_UNREACHABLE_CODE = YES;
				CLANG_WARN__DUPLICATE_METHOD_MATCH = YES;
				"CODE_SIGN_IDENTITY[sdk=iphoneos*]" = "iPhone Developer";
				COPY_PHASE_STRIP = NO;
				CURRENT_PROJECT_VERSION = 1;
				DEBUG_INFORMATION_FORMAT = dwarf;
				ENABLE_STRICT_OBJC_MSGSEND = YES;
				ENABLE_TESTABILITY = YES;
				GCC_C_LANGUAGE_STANDARD = gnu99;
				GCC_DYNAMIC_NO_PIC = NO;
				GCC_NO_COMMON_BLOCKS = YES;
				GCC_OPTIMIZATION_LEVEL = 0;
				GCC_PREPROCESSOR_DEFINITIONS = (
					"DEBUG=1",
					"$(inherited)",
				);
				GCC_WARN_64_TO_32_BIT_CONVERSION = YES;
				GCC_WARN_ABOUT_RETURN_TYPE = YES_ERROR;
				GCC_WARN_UNDECLARED_SELECTOR = YES;
				GCC_WARN_UNINITIALIZED_AUTOS = YES_AGGRESSIVE;
				GCC_WARN_UNUSED_FUNCTION = YES;
				GCC_WARN_UNUSED_VARIABLE = YES;
				IPHONEOS_DEPLOYMENT_TARGET = 9.3;
				MTL_ENABLE_DEBUG_INFO = YES;
				ONLY_ACTIVE_ARCH = YES;
				SDKROOT = iphoneos;
				SWIFT_OPTIMIZATION_LEVEL = "-Onone";
				TARGETED_DEVICE_FAMILY = "1,2";
				VERSIONING_SYSTEM = "apple-generic";
				VERSION_INFO_PREFIX = "";
			};
			name = Debug;
		};
		A9E421F31CE0D3F9005B76A4 /* Release */ = {
			isa = XCBuildConfiguration;
			buildSettings = {
				ALWAYS_SEARCH_USER_PATHS = NO;
				CLANG_ANALYZER_NONNULL = YES;
				CLANG_CXX_LANGUAGE_STANDARD = "gnu++0x";
				CLANG_CXX_LIBRARY = "libc++";
				CLANG_ENABLE_MODULES = YES;
				CLANG_ENABLE_OBJC_ARC = YES;
				CLANG_WARN_BLOCK_CAPTURE_AUTORELEASING = YES;
				CLANG_WARN_BOOL_CONVERSION = YES;
				CLANG_WARN_COMMA = YES;
				CLANG_WARN_CONSTANT_CONVERSION = YES;
				CLANG_WARN_DEPRECATED_OBJC_IMPLEMENTATIONS = YES;
				CLANG_WARN_DIRECT_OBJC_ISA_USAGE = YES_ERROR;
				CLANG_WARN_EMPTY_BODY = YES;
				CLANG_WARN_ENUM_CONVERSION = YES;
				CLANG_WARN_INFINITE_RECURSION = YES;
				CLANG_WARN_INT_CONVERSION = YES;
				CLANG_WARN_NON_LITERAL_NULL_CONVERSION = YES;
				CLANG_WARN_OBJC_IMPLICIT_RETAIN_SELF = YES;
				CLANG_WARN_OBJC_LITERAL_CONVERSION = YES;
				CLANG_WARN_OBJC_ROOT_CLASS = YES_ERROR;
				CLANG_WARN_RANGE_LOOP_ANALYSIS = YES;
				CLANG_WARN_STRICT_PROTOTYPES = YES;
				CLANG_WARN_SUSPICIOUS_MOVE = YES;
				CLANG_WARN_UNREACHABLE_CODE = YES;
				CLANG_WARN__DUPLICATE_METHOD_MATCH = YES;
				"CODE_SIGN_IDENTITY[sdk=iphoneos*]" = "iPhone Developer";
				COPY_PHASE_STRIP = NO;
				CURRENT_PROJECT_VERSION = 1;
				DEBUG_INFORMATION_FORMAT = "dwarf-with-dsym";
				ENABLE_NS_ASSERTIONS = NO;
				ENABLE_STRICT_OBJC_MSGSEND = YES;
				GCC_C_LANGUAGE_STANDARD = gnu99;
				GCC_NO_COMMON_BLOCKS = YES;
				GCC_WARN_64_TO_32_BIT_CONVERSION = YES;
				GCC_WARN_ABOUT_RETURN_TYPE = YES_ERROR;
				GCC_WARN_UNDECLARED_SELECTOR = YES;
				GCC_WARN_UNINITIALIZED_AUTOS = YES_AGGRESSIVE;
				GCC_WARN_UNUSED_FUNCTION = YES;
				GCC_WARN_UNUSED_VARIABLE = YES;
				IPHONEOS_DEPLOYMENT_TARGET = 9.3;
				MTL_ENABLE_DEBUG_INFO = NO;
				SDKROOT = iphoneos;
				SWIFT_COMPILATION_MODE = wholemodule;
				TARGETED_DEVICE_FAMILY = "1,2";
				VALIDATE_PRODUCT = YES;
				VERSIONING_SYSTEM = "apple-generic";
				VERSION_INFO_PREFIX = "";
			};
			name = Release;
		};
		A9E421F51CE0D3F9005B76A4 /* Debug */ = {
			isa = XCBuildConfiguration;
			buildSettings = {
				CLANG_ENABLE_MODULES = YES;
				CODE_SIGN_IDENTITY = "";
				DEFINES_MODULE = YES;
				DYLIB_COMPATIBILITY_VERSION = 1;
				DYLIB_CURRENT_VERSION = 1;
				DYLIB_INSTALL_NAME_BASE = "@rpath";
				INFOPLIST_FILE = Shirokoma/Info.plist;
				INSTALL_PATH = "$(LOCAL_LIBRARY_DIR)/Frameworks";
				IPHONEOS_DEPLOYMENT_TARGET = 10.0;
				LD_RUNPATH_SEARCH_PATHS = "$(inherited) @executable_path/Frameworks @loader_path/Frameworks";
				PRODUCT_BUNDLE_IDENTIFIER = com.kichikuchi.Shirokoma;
				PRODUCT_NAME = "$(TARGET_NAME)";
				SKIP_INSTALL = YES;
				SWIFT_OPTIMIZATION_LEVEL = "-Onone";
				SWIFT_VERSION = 4.0;
			};
			name = Debug;
		};
		A9E421F61CE0D3F9005B76A4 /* Release */ = {
			isa = XCBuildConfiguration;
			buildSettings = {
				CLANG_ENABLE_MODULES = YES;
				CODE_SIGN_IDENTITY = "";
				DEFINES_MODULE = YES;
				DYLIB_COMPATIBILITY_VERSION = 1;
				DYLIB_CURRENT_VERSION = 1;
				DYLIB_INSTALL_NAME_BASE = "@rpath";
				INFOPLIST_FILE = Shirokoma/Info.plist;
				INSTALL_PATH = "$(LOCAL_LIBRARY_DIR)/Frameworks";
				IPHONEOS_DEPLOYMENT_TARGET = 10.0;
				LD_RUNPATH_SEARCH_PATHS = "$(inherited) @executable_path/Frameworks @loader_path/Frameworks";
				PRODUCT_BUNDLE_IDENTIFIER = com.kichikuchi.Shirokoma;
				PRODUCT_NAME = "$(TARGET_NAME)";
				SKIP_INSTALL = YES;
				SWIFT_VERSION = 4.0;
			};
			name = Release;
		};
		A9E4220D1CE0D600005B76A4 /* Debug */ = {
			isa = XCBuildConfiguration;
			buildSettings = {
				ALWAYS_EMBED_SWIFT_STANDARD_LIBRARIES = YES;
				ASSETCATALOG_COMPILER_APPICON_NAME = AppIcon;
				INFOPLIST_FILE = Demo/Info.plist;
				IPHONEOS_DEPLOYMENT_TARGET = 10.0;
				LD_RUNPATH_SEARCH_PATHS = "$(inherited) @executable_path/Frameworks";
				PRODUCT_BUNDLE_IDENTIFIER = com.kichikuchi.Demo;
				PRODUCT_NAME = "$(TARGET_NAME)";
				SWIFT_VERSION = 4.0;
			};
			name = Debug;
		};
		A9E4220E1CE0D600005B76A4 /* Release */ = {
			isa = XCBuildConfiguration;
			buildSettings = {
				ALWAYS_EMBED_SWIFT_STANDARD_LIBRARIES = YES;
				ASSETCATALOG_COMPILER_APPICON_NAME = AppIcon;
				INFOPLIST_FILE = Demo/Info.plist;
				IPHONEOS_DEPLOYMENT_TARGET = 10.0;
				LD_RUNPATH_SEARCH_PATHS = "$(inherited) @executable_path/Frameworks";
				PRODUCT_BUNDLE_IDENTIFIER = com.kichikuchi.Demo;
				PRODUCT_NAME = "$(TARGET_NAME)";
				SWIFT_VERSION = 4.0;
			};
			name = Release;
		};
/* End XCBuildConfiguration section */

/* Begin XCConfigurationList section */
		A9E421E61CE0D3F9005B76A4 /* Build configuration list for PBXProject "Shirokoma" */ = {
			isa = XCConfigurationList;
			buildConfigurations = (
				A9E421F21CE0D3F9005B76A4 /* Debug */,
				A9E421F31CE0D3F9005B76A4 /* Release */,
			);
			defaultConfigurationIsVisible = 0;
			defaultConfigurationName = Release;
		};
		A9E421F41CE0D3F9005B76A4 /* Build configuration list for PBXNativeTarget "Shirokoma" */ = {
			isa = XCConfigurationList;
			buildConfigurations = (
				A9E421F51CE0D3F9005B76A4 /* Debug */,
				A9E421F61CE0D3F9005B76A4 /* Release */,
			);
			defaultConfigurationIsVisible = 0;
			defaultConfigurationName = Release;
		};
		A9E4220C1CE0D600005B76A4 /* Build configuration list for PBXNativeTarget "Demo" */ = {
			isa = XCConfigurationList;
			buildConfigurations = (
				A9E4220D1CE0D600005B76A4 /* Debug */,
				A9E4220E1CE0D600005B76A4 /* Release */,
			);
			defaultConfigurationIsVisible = 0;
			defaultConfigurationName = Release;
		};
/* End XCConfigurationList section */
	};
	rootObject = A9E421E31CE0D3F9005B76A4 /* Project object */;
}
